
Microsoft Visual Studio Solution File, Format Version 12.00
# Visual Studio Version 17
VisualStudioVersion = 17.14.36301.6 d17.14
MinimumVisualStudioVersion = 10.0.40219.1
Project("{FAE04EC0-301F-11D3-BF4B-00C04F79EFBC}") = "Assembly-CSharp-firstpass", "Assembly-CSharp-firstpass.csproj", "{0E0235B1-AA25-C259-3EE2-E4AF0AE8394A}"
EndProject
Project("{FAE04EC0-301F-11D3-BF4B-00C04F79EFBC}") = "Assembly-CSharp-Editor", "Assembly-CSharp-Editor.csproj", "{AD40467E-8E0B-E4C5-F376-348A277469CF}"
EndProject
Project("{FAE04EC0-301F-11D3-BF4B-00C04F79EFBC}") = "Assembly-CSharp", "Assembly-CSharp.csproj", "{F4F31D10-8085-BD43-9D6A-E6BCCB3C541A}"
EndProject
Global
	GlobalSection(SolutionConfigurationPlatforms) = preSolution
		Debug|Any CPU = Debug|Any CPU
		Release|Any CPU = Release|Any CPU
	EndGlobalSection
	GlobalSection(ProjectConfigurationPlatforms) = postSolution
		{0E0235B1-AA25-C259-3EE2-E4AF0AE8394A}.Debug|Any CPU.ActiveCfg = Debug|Any CPU
		{0E0235B1-AA25-C259-3EE2-E4AF0AE8394A}.Debug|Any CPU.Build.0 = Debug|Any CPU
		{0E0235B1-AA25-C259-3EE2-E4AF0AE8394A}.Release|Any CPU.ActiveCfg = Release|Any CPU
		{0E0235B1-AA25-C259-3EE2-E4AF0AE8394A}.Release|Any CPU.Build.0 = Release|Any CPU
		{AD40467E-8E0B-E4C5-F376-348A277469CF}.Debug|Any CPU.ActiveCfg = Debug|Any CPU
		{AD40467E-8E0B-E4C5-F376-348A277469CF}.Debug|Any CPU.Build.0 = Debug|Any CPU
		{AD40467E-8E0B-E4C5-F376-348A277469CF}.Release|Any CPU.ActiveCfg = Release|Any CPU
		{AD40467E-8E0B-E4C5-F376-348A277469CF}.Release|Any CPU.Build.0 = Release|Any CPU
		{F4F31D10-8085-BD43-9D6A-E6BCCB3C541A}.Debug|Any CPU.ActiveCfg = Debug|Any CPU
		{F4F31D10-8085-BD43-9D6A-E6BCCB3C541A}.Debug|Any CPU.Build.0 = Debug|Any CPU
		{F4F31D10-8085-BD43-9D6A-E6BCCB3C541A}.Release|Any CPU.ActiveCfg = Release|Any CPU
		{F4F31D10-8085-BD43-9D6A-E6BCCB3C541A}.Release|Any CPU.Build.0 = Release|Any CPU
	EndGlobalSection
	GlobalSection(SolutionProperties) = preSolution
		HideSolutionNode = FALSE
	EndGlobalSection
	GlobalSection(ExtensibilityGlobals) = postSolution
		SolutionGuid = {AA57C7FC-0E3E-4370-8397-15A3783FE52C}
	EndGlobalSection
EndGlobal
